// !$*UTF8*$!
{
	archiveVersion = 1;
	classes = {
	};
	objectVersion = 48;
	objects = {

/* Begin PBXBuildFile section */
		014017472047A2D600F7379B /* AppDelegate.m in Sources */ = {isa = PBXBuildFile; fileRef = 014017462047A2D600F7379B /* AppDelegate.m */; };
		0140174A2047A2D600F7379B /* ViewController.m in Sources */ = {isa = PBXBuildFile; fileRef = 014017492047A2D600F7379B /* ViewController.m */; };
		0140174D2047A2D600F7379B /* Main.storyboard in Resources */ = {isa = PBXBuildFile; fileRef = 0140174B2047A2D600F7379B /* Main.storyboard */; };
		0140174F2047A2D600F7379B /* Assets.xcassets in Resources */ = {isa = PBXBuildFile; fileRef = 0140174E2047A2D600F7379B /* Assets.xcassets */; };
		014017522047A2D600F7379B /* LaunchScreen.storyboard in Resources */ = {isa = PBXBuildFile; fileRef = 014017502047A2D600F7379B /* LaunchScreen.storyboard */; };
		014017552047A2D600F7379B /* main.m in Sources */ = {isa = PBXBuildFile; fileRef = 014017542047A2D600F7379B /* main.m */; };
		0140175F2047A2D600F7379B /* RAC_DemoTests.m in Sources */ = {isa = PBXBuildFile; fileRef = 0140175E2047A2D600F7379B /* RAC_DemoTests.m */; };
		0140176A2047A2D600F7379B /* RAC_DemoUITests.m in Sources */ = {isa = PBXBuildFile; fileRef = 014017692047A2D600F7379B /* RAC_DemoUITests.m */; };
		304E0C942E30997D8BCE11DA /* libPods-RAC_Demo.a in Frameworks */ = {isa = PBXBuildFile; fileRef = A942B4CB2A09FDB1D420CAF7 /* libPods-RAC_Demo.a */; };
/* End PBXBuildFile section */

/* Begin PBXContainerItemProxy section */
		0140175B2047A2D600F7379B /* PBXContainerItemProxy */ = {
			isa = PBXContainerItemProxy;
			containerPortal = 0140173A2047A2D600F7379B /* Project object */;
			proxyType = 1;
			remoteGlobalIDString = 014017412047A2D600F7379B;
			remoteInfo = RAC_Demo;
		};
		014017662047A2D600F7379B /* PBXContainerItemProxy */ = {
			isa = PBXContainerItemProxy;
			containerPortal = 0140173A2047A2D600F7379B /* Project object */;
			proxyType = 1;
			remoteGlobalIDString = 014017412047A2D600F7379B;
			remoteInfo = RAC_Demo;
		};
/* End PBXContainerItemProxy section */

/* Begin PBXFileReference section */
		014017422047A2D600F7379B /* RAC_Demo.app */ = {isa = PBXFileReference; explicitFileType = wrapper.application; includeInIndex = 0; path = RAC_Demo.app; sourceTree = BUILT_PRODUCTS_DIR; };
		014017452047A2D600F7379B /* AppDelegate.h */ = {isa = PBXFileReference; lastKnownFileType = sourcecode.c.h; path = AppDelegate.h; sourceTree = "<group>"; };
		014017462047A2D600F7379B /* AppDelegate.m */ = {isa = PBXFileReference; lastKnownFileType = sourcecode.c.objc; path = AppDelegate.m; sourceTree = "<group>"; };
		014017482047A2D600F7379B /* ViewController.h */ = {isa = PBXFileReference; lastKnownFileType = sourcecode.c.h; path = ViewController.h; sourceTree = "<group>"; };
		014017492047A2D600F7379B /* ViewController.m */ = {isa = PBXFileReference; lastKnownFileType = sourcecode.c.objc; path = ViewController.m; sourceTree = "<group>"; };
		0140174C2047A2D600F7379B /* Base */ = {isa = PBXFileReference; lastKnownFileType = file.storyboard; name = Base; path = Base.lproj/Main.storyboard; sourceTree = "<group>"; };
		0140174E2047A2D600F7379B /* Assets.xcassets */ = {isa = PBXFileReference; lastKnownFileType = folder.assetcatalog; path = Assets.xcassets; sourceTree = "<group>"; };
		014017512047A2D600F7379B /* Base */ = {isa = PBXFileReference; lastKnownFileType = file.storyboard; name = Base; path = Base.lproj/LaunchScreen.storyboard; sourceTree = "<group>"; };
		014017532047A2D600F7379B /* Info.plist */ = {isa = PBXFileReference; lastKnownFileType = text.plist.xml; path = Info.plist; sourceTree = "<group>"; };
		014017542047A2D600F7379B /* main.m */ = {isa = PBXFileReference; lastKnownFileType = sourcecode.c.objc; path = main.m; sourceTree = "<group>"; };
		0140175A2047A2D600F7379B /* RAC_DemoTests.xctest */ = {isa = PBXFileReference; explicitFileType = wrapper.cfbundle; includeInIndex = 0; path = RAC_DemoTests.xctest; sourceTree = BUILT_PRODUCTS_DIR; };
		0140175E2047A2D600F7379B /* RAC_DemoTests.m */ = {isa = PBXFileReference; lastKnownFileType = sourcecode.c.objc; path = RAC_DemoTests.m; sourceTree = "<group>"; };
		014017602047A2D600F7379B /* Info.plist */ = {isa = PBXFileReference; lastKnownFileType = text.plist.xml; path = Info.plist; sourceTree = "<group>"; };
		014017652047A2D600F7379B /* RAC_DemoUITests.xctest */ = {isa = PBXFileReference; explicitFileType = wrapper.cfbundle; includeInIndex = 0; path = RAC_DemoUITests.xctest; sourceTree = BUILT_PRODUCTS_DIR; };
		014017692047A2D600F7379B /* RAC_DemoUITests.m */ = {isa = PBXFileReference; lastKnownFileType = sourcecode.c.objc; path = RAC_DemoUITests.m; sourceTree = "<group>"; };
		0140176B2047A2D600F7379B /* Info.plist */ = {isa = PBXFileReference; lastKnownFileType = text.plist.xml; path = Info.plist; sourceTree = "<group>"; };
		26D758493B8284C2A07A65FC /* Pods-RAC_Demo.release.xcconfig */ = {isa = PBXFileReference; includeInIndex = 1; lastKnownFileType = text.xcconfig; name = "Pods-RAC_Demo.release.xcconfig"; path = "Pods/Target Support Files/Pods-RAC_Demo/Pods-RAC_Demo.release.xcconfig"; sourceTree = "<group>"; };
		3D2AC92E880D863633B2EB5D /* libPods-RAC_DemoUITests.a */ = {isa = PBXFileReference; explicitFileType = archive.ar; includeInIndex = 0; path = "libPods-RAC_DemoUITests.a"; sourceTree = BUILT_PRODUCTS_DIR; };
		60F210D21BBEE9D07436C7F3 /* Pods-RAC_Demo.debug.xcconfig */ = {isa = PBXFileReference; includeInIndex = 1; lastKnownFileType = text.xcconfig; name = "Pods-RAC_Demo.debug.xcconfig"; path = "Pods/Target Support Files/Pods-RAC_Demo/Pods-RAC_Demo.debug.xcconfig"; sourceTree = "<group>"; };
		7CF8B29406F3BCD085EC38AC /* libPods-RAC_DemoTests.a */ = {isa = PBXFileReference; explicitFileType = archive.ar; includeInIndex = 0; path = "libPods-RAC_DemoTests.a"; sourceTree = BUILT_PRODUCTS_DIR; };
		A942B4CB2A09FDB1D420CAF7 /* libPods-RAC_Demo.a */ = {isa = PBXFileReference; explicitFileType = archive.ar; includeInIndex = 0; path = "libPods-RAC_Demo.a"; sourceTree = BUILT_PRODUCTS_DIR; };
/* End PBXFileReference section */

/* Begin PBXFrameworksBuildPhase section */
		0140173F2047A2D600F7379B /* Frameworks */ = {
			isa = PBXFrameworksBuildPhase;
			buildActionMask = 2147483647;
			files = (
				304E0C942E30997D8BCE11DA /* libPods-RAC_Demo.a in Frameworks */,
			);
			runOnlyForDeploymentPostprocessing = 0;
		};
		014017572047A2D600F7379B /* Frameworks */ = {
			isa = PBXFrameworksBuildPhase;
			buildActionMask = 2147483647;
			files = (
			);
			runOnlyForDeploymentPostprocessing = 0;
		};
		014017622047A2D600F7379B /* Frameworks */ = {
			isa = PBXFrameworksBuildPhase;
			buildActionMask = 2147483647;
			files = (
			);
			runOnlyForDeploymentPostprocessing = 0;
		};
/* End PBXFrameworksBuildPhase section */

/* Begin PBXGroup section */
		014017392047A2D600F7379B = {
			isa = PBXGroup;
			children = (
				014017442047A2D600F7379B /* RAC_Demo */,
				0140175D2047A2D600F7379B /* RAC_DemoTests */,
				014017682047A2D600F7379B /* RAC_DemoUITests */,
				014017432047A2D600F7379B /* Products */,
				825225B3E173CAD3AB0F2208 /* Pods */,
				F16BF812D5FE58FEA8BF82B0 /* Frameworks */,
			);
			sourceTree = "<group>";
		};
		014017432047A2D600F7379B /* Products */ = {
			isa = PBXGroup;
			children = (
				014017422047A2D600F7379B /* RAC_Demo.app */,
				0140175A2047A2D600F7379B /* RAC_DemoTests.xctest */,
				014017652047A2D600F7379B /* RAC_DemoUITests.xctest */,
			);
			name = Products;
			sourceTree = "<group>";
		};
		014017442047A2D600F7379B /* RAC_Demo */ = {
			isa = PBXGroup;
			children = (
				014017452047A2D600F7379B /* AppDelegate.h */,
				014017462047A2D600F7379B /* AppDelegate.m */,
				014017482047A2D600F7379B /* ViewController.h */,
				014017492047A2D600F7379B /* ViewController.m */,
				0140174B2047A2D600F7379B /* Main.storyboard */,
				0140174E2047A2D600F7379B /* Assets.xcassets */,
				014017502047A2D600F7379B /* LaunchScreen.storyboard */,
				014017532047A2D600F7379B /* Info.plist */,
				014017542047A2D600F7379B /* main.m */,
			);
			path = RAC_Demo;
			sourceTree = "<group>";
		};
		0140175D2047A2D600F7379B /* RAC_DemoTests */ = {
			isa = PBXGroup;
			children = (
				0140175E2047A2D600F7379B /* RAC_DemoTests.m */,
				014017602047A2D600F7379B /* Info.plist */,
			);
			path = RAC_DemoTests;
			sourceTree = "<group>";
		};
		014017682047A2D600F7379B /* RAC_DemoUITests */ = {
			isa = PBXGroup;
			children = (
				014017692047A2D600F7379B /* RAC_DemoUITests.m */,
				0140176B2047A2D600F7379B /* Info.plist */,
			);
			path = RAC_DemoUITests;
			sourceTree = "<group>";
		};
		825225B3E173CAD3AB0F2208 /* Pods */ = {
			isa = PBXGroup;
			children = (
				60F210D21BBEE9D07436C7F3 /* Pods-RAC_Demo.debug.xcconfig */,
				26D758493B8284C2A07A65FC /* Pods-RAC_Demo.release.xcconfig */,
			);
			name = Pods;
			sourceTree = "<group>";
		};
		F16BF812D5FE58FEA8BF82B0 /* Frameworks */ = {
			isa = PBXGroup;
			children = (
				A942B4CB2A09FDB1D420CAF7 /* libPods-RAC_Demo.a */,
				7CF8B29406F3BCD085EC38AC /* libPods-RAC_DemoTests.a */,
				3D2AC92E880D863633B2EB5D /* libPods-RAC_DemoUITests.a */,
			);
			name = Frameworks;
			sourceTree = "<group>";
		};
/* End PBXGroup section */

/* Begin PBXNativeTarget section */
		014017412047A2D600F7379B /* RAC_Demo */ = {
			isa = PBXNativeTarget;
			buildConfigurationList = 0140176E2047A2D600F7379B /* Build configuration list for PBXNativeTarget "RAC_Demo" */;
			buildPhases = (
				A7C244A35869953977683B74 /* [CP] Check Pods Manifest.lock */,
				0140173E2047A2D600F7379B /* Sources */,
				0140173F2047A2D600F7379B /* Frameworks */,
				014017402047A2D600F7379B /* Resources */,
				6B34B93BE60D505125FE34FB /* [CP] Embed Pods Frameworks */,
				BD0ECF3DC058F31EF48520EF /* [CP] Copy Pods Resources */,
			);
			buildRules = (
			);
			dependencies = (
			);
			name = RAC_Demo;
			productName = RAC_Demo;
			productReference = 014017422047A2D600F7379B /* RAC_Demo.app */;
			productType = "com.apple.product-type.application";
		};
		014017592047A2D600F7379B /* RAC_DemoTests */ = {
			isa = PBXNativeTarget;
			buildConfigurationList = 014017712047A2D600F7379B /* Build configuration list for PBXNativeTarget "RAC_DemoTests" */;
			buildPhases = (
				014017562047A2D600F7379B /* Sources */,
				014017572047A2D600F7379B /* Frameworks */,
				014017582047A2D600F7379B /* Resources */,
			);
			buildRules = (
			);
			dependencies = (
				0140175C2047A2D600F7379B /* PBXTargetDependency */,
			);
			name = RAC_DemoTests;
			productName = RAC_DemoTests;
			productReference = 0140175A2047A2D600F7379B /* RAC_DemoTests.xctest */;
			productType = "com.apple.product-type.bundle.unit-test";
		};
		014017642047A2D600F7379B /* RAC_DemoUITests */ = {
			isa = PBXNativeTarget;
			buildConfigurationList = 014017742047A2D600F7379B /* Build configuration list for PBXNativeTarget "RAC_DemoUITests" */;
			buildPhases = (
				014017612047A2D600F7379B /* Sources */,
				014017622047A2D600F7379B /* Frameworks */,
				014017632047A2D600F7379B /* Resources */,
			);
			buildRules = (
			);
			dependencies = (
				014017672047A2D600F7379B /* PBXTargetDependency */,
			);
			name = RAC_DemoUITests;
			productName = RAC_DemoUITests;
			productReference = 014017652047A2D600F7379B /* RAC_DemoUITests.xctest */;
			productType = "com.apple.product-type.bundle.ui-testing";
		};
/* End PBXNativeTarget section */

/* Begin PBXProject section */
		0140173A2047A2D600F7379B /* Project object */ = {
			isa = PBXProject;
			attributes = {
				LastUpgradeCheck = 0920;
				ORGANIZATIONNAME = "董徐维";
				TargetAttributes = {
					014017412047A2D600F7379B = {
						CreatedOnToolsVersion = 9.2;
						ProvisioningStyle = Automatic;
					};
					014017592047A2D600F7379B = {
						CreatedOnToolsVersion = 9.2;
						ProvisioningStyle = Automatic;
						TestTargetID = 014017412047A2D600F7379B;
					};
					014017642047A2D600F7379B = {
						CreatedOnToolsVersion = 9.2;
						ProvisioningStyle = Automatic;
						TestTargetID = 014017412047A2D600F7379B;
					};
				};
			};
			buildConfigurationList = 0140173D2047A2D600F7379B /* Build configuration list for PBXProject "RAC_Demo" */;
			compatibilityVersion = "Xcode 8.0";
			developmentRegion = en;
			hasScannedForEncodings = 0;
			knownRegions = (
				en,
				Base,
			);
			mainGroup = 014017392047A2D600F7379B;
			productRefGroup = 014017432047A2D600F7379B /* Products */;
			projectDirPath = "";
			projectRoot = "";
			targets = (
				014017412047A2D600F7379B /* RAC_Demo */,
				014017592047A2D600F7379B /* RAC_DemoTests */,
				014017642047A2D600F7379B /* RAC_DemoUITests */,
			);
		};
/* End PBXProject section */

/* Begin PBXResourcesBuildPhase section */
		014017402047A2D600F7379B /* Resources */ = {
			isa = PBXResourcesBuildPhase;
			buildActionMask = 2147483647;
			files = (
				014017522047A2D600F7379B /* LaunchScreen.storyboard in Resources */,
				0140174F2047A2D600F7379B /* Assets.xcassets in Resources */,
				0140174D2047A2D600F7379B /* Main.storyboard in Resources */,
			);
			runOnlyForDeploymentPostprocessing = 0;
		};
		014017582047A2D600F7379B /* Resources */ = {
			isa = PBXResourcesBuildPhase;
			buildActionMask = 2147483647;
			files = (
			);
			runOnlyForDeploymentPostprocessing = 0;
		};
		014017632047A2D600F7379B /* Resources */ = {
			isa = PBXResourcesBuildPhase;
			buildActionMask = 2147483647;
			files = (
			);
			runOnlyForDeploymentPostprocessing = 0;
		};
/* End PBXResourcesBuildPhase section */

/* Begin PBXShellScriptBuildPhase section */
		6B34B93BE60D505125FE34FB /* [CP] Embed Pods Frameworks */ = {
			isa = PBXShellScriptBuildPhase;
			buildActionMask = 2147483647;
			files = (
			);
			inputPaths = (
			);
			name = "[CP] Embed Pods Frameworks";
			outputPaths = (
			);
			runOnlyForDeploymentPostprocessing = 0;
			shellPath = /bin/sh;
			shellScript = "\"${SRCROOT}/Pods/Target Support Files/Pods-RAC_Demo/Pods-RAC_Demo-frameworks.sh\"\n";
			showEnvVarsInLog = 0;
		};
		A7C244A35869953977683B74 /* [CP] Check Pods Manifest.lock */ = {
			isa = PBXShellScriptBuildPhase;
			buildActionMask = 2147483647;
			files = (
			);
			inputPaths = (
			);
			name = "[CP] Check Pods Manifest.lock";
			outputPaths = (
			);
			runOnlyForDeploymentPostprocessing = 0;
			shellPath = /bin/sh;
			shellScript = "diff \"${PODS_ROOT}/../Podfile.lock\" \"${PODS_ROOT}/Manifest.lock\" > /dev/null\nif [ $? != 0 ] ; then\n    # print error to STDERR\n    echo \"error: The sandbox is not in sync with the Podfile.lock. Run 'pod install' or update your CocoaPods installation.\" >&2\n    exit 1\nfi\n";
			showEnvVarsInLog = 0;
		};
		BD0ECF3DC058F31EF48520EF /* [CP] Copy Pods Resources */ = {
			isa = PBXShellScriptBuildPhase;
			buildActionMask = 2147483647;
			files = (
			);
			inputPaths = (
			);
			name = "[CP] Copy Pods Resources";
			outputPaths = (
			);
			runOnlyForDeploymentPostprocessing = 0;
			shellPath = /bin/sh;
			shellScript = "\"${SRCROOT}/Pods/Target Support Files/Pods-RAC_Demo/Pods-RAC_Demo-resources.sh\"\n";
			showEnvVarsInLog = 0;
		};
/* End PBXShellScriptBuildPhase section */

/* Begin PBXSourcesBuildPhase section */
		0140173E2047A2D600F7379B /* Sources */ = {
			isa = PBXSourcesBuildPhase;
			buildActionMask = 2147483647;
			files = (
				0140174A2047A2D600F7379B /* ViewController.m in Sources */,
				014017552047A2D600F7379B /* main.m in Sources */,
				014017472047A2D600F7379B /* AppDelegate.m in Sources */,
			);
			runOnlyForDeploymentPostprocessing = 0;
		};
		014017562047A2D600F7379B /* Sources */ = {
			isa = PBXSourcesBuildPhase;
			buildActionMask = 2147483647;
			files = (
				0140175F2047A2D600F7379B /* RAC_DemoTests.m in Sources */,
			);
			runOnlyForDeploymentPostprocessing = 0;
		};
		014017612047A2D600F7379B /* Sources */ = {
			isa = PBXSourcesBuildPhase;
			buildActionMask = 2147483647;
			files = (
				0140176A2047A2D600F7379B /* RAC_DemoUITests.m in Sources */,
			);
			runOnlyForDeploymentPostprocessing = 0;
		};
/* End PBXSourcesBuildPhase section */

/* Begin PBXTargetDependency section */
		0140175C2047A2D600F7379B /* PBXTargetDependency */ = {
			isa = PBXTargetDependency;
			target = 014017412047A2D600F7379B /* RAC_Demo */;
			targetProxy = 0140175B2047A2D600F7379B /* PBXContainerItemProxy */;
		};
		014017672047A2D600F7379B /* PBXTargetDependency */ = {
			isa = PBXTargetDependency;
			target = 014017412047A2D600F7379B /* RAC_Demo */;
			targetProxy = 014017662047A2D600F7379B /* PBXContainerItemProxy */;
		};
/* End PBXTargetDependency section */

/* Begin PBXVariantGroup section */
		0140174B2047A2D600F7379B /* Main.storyboard */ = {
			isa = PBXVariantGroup;
			children = (
				0140174C2047A2D600F7379B /* Base */,
			);
			name = Main.storyboard;
			sourceTree = "<group>";
		};
		014017502047A2D600F7379B /* LaunchScreen.storyboard */ = {
			isa = PBXVariantGroup;
			children = (
				014017512047A2D600F7379B /* Base */,
			);
			name = LaunchScreen.storyboard;
			sourceTree = "<group>";
		};
/* End PBXVariantGroup section */

/* Begin XCBuildConfiguration section */
		0140176C2047A2D600F7379B /* Debug */ = {
			isa = XCBuildConfiguration;
			buildSettings = {
				ALWAYS_SEARCH_USER_PATHS = NO;
				CLANG_ANALYZER_NONNULL = YES;
				CLANG_ANALYZER_NUMBER_OBJECT_CONVERSION = YES_AGGRESSIVE;
				CLANG_CXX_LANGUAGE_STANDARD = "gnu++14";
				CLANG_CXX_LIBRARY = "libc++";
				CLANG_ENABLE_MODULES = YES;
				CLANG_ENABLE_OBJC_ARC = YES;
				CLANG_WARN_BLOCK_CAPTURE_AUTORELEASING = YES;
				CLANG_WARN_BOOL_CONVERSION = YES;
				CLANG_WARN_COMMA = YES;
				CLANG_WARN_CONSTANT_CONVERSION = YES;
				CLANG_WARN_DIRECT_OBJC_ISA_USAGE = YES_ERROR;
				CLANG_WARN_DOCUMENTATION_COMMENTS = YES;
				CLANG_WARN_EMPTY_BODY = YES;
				CLANG_WARN_ENUM_CONVERSION = YES;
				CLANG_WARN_INFINITE_RECURSION = YES;
				CLANG_WARN_INT_CONVERSION = YES;
				CLANG_WARN_NON_LITERAL_NULL_CONVERSION = YES;
				CLANG_WARN_OBJC_LITERAL_CONVERSION = YES;
				CLANG_WARN_OBJC_ROOT_CLASS = YES_ERROR;
				CLANG_WARN_RANGE_LOOP_ANALYSIS = YES;
				CLANG_WARN_STRICT_PROTOTYPES = YES;
				CLANG_WARN_SUSPICIOUS_MOVE = YES;
				CLANG_WARN_UNGUARDED_AVAILABILITY = YES_AGGRESSIVE;
				CLANG_WARN_UNREACHABLE_CODE = YES;
				CLANG_WARN__DUPLICATE_METHOD_MATCH = YES;
				CODE_SIGN_IDENTITY = "iPhone Developer";
				COPY_PHASE_STRIP = NO;
				DEBUG_INFORMATION_FORMAT = dwarf;
				ENABLE_STRICT_OBJC_MSGSEND = YES;
				ENABLE_TESTABILITY = YES;
				GCC_C_LANGUAGE_STANDARD = gnu11;
				GCC_DYNAMIC_NO_PIC = NO;
				GCC_NO_COMMON_BLOCKS = YES;
				GCC_OPTIMIZATION_LEVEL = 0;
				GCC_PREPROCESSOR_DEFINITIONS = (
					"DEBUG=1",
					"$(inherited)",
				);
				GCC_WARN_64_TO_32_BIT_CONVERSION = YES;
				GCC_WARN_ABOUT_RETURN_TYPE = YES_ERROR;
				GCC_WARN_UNDECLARED_SELECTOR = YES;
				GCC_WARN_UNINITIALIZED_AUTOS = YES_AGGRESSIVE;
				GCC_WARN_UNUSED_FUNCTION = YES;
				GCC_WARN_UNUSED_VARIABLE = YES;
				IPHONEOS_DEPLOYMENT_TARGET = 11.2;
				MTL_ENABLE_DEBUG_INFO = YES;
				ONLY_ACTIVE_ARCH = YES;
				SDKROOT = iphoneos;
			};
			name = Debug;
		};
		0140176D2047A2D600F7379B /* Release */ = {
			isa = XCBuildConfiguration;
			buildSettings = {
				ALWAYS_SEARCH_USER_PATHS = NO;
				CLANG_ANALYZER_NONNULL = YES;
				CLANG_ANALYZER_NUMBER_OBJECT_CONVERSION = YES_AGGRESSIVE;
				CLANG_CXX_LANGUAGE_STANDARD = "gnu++14";
				CLANG_CXX_LIBRARY = "libc++";
				CLANG_ENABLE_MODULES = YES;
				CLANG_ENABLE_OBJC_ARC = YES;
				CLANG_WARN_BLOCK_CAPTURE_AUTORELEASING = YES;
				CLANG_WARN_BOOL_CONVERSION = YES;
				CLANG_WARN_COMMA = YES;
				CLANG_WARN_CONSTANT_CONVERSION = YES;
				CLANG_WARN_DIRECT_OBJC_ISA_USAGE = YES_ERROR;
				CLANG_WARN_DOCUMENTATION_COMMENTS = YES;
				CLANG_WARN_EMPTY_BODY = YES;
				CLANG_WARN_ENUM_CONVERSION = YES;
				CLANG_WARN_INFINITE_RECURSION = YES;
				CLANG_WARN_INT_CONVERSION = YES;
				CLANG_WARN_NON_LITERAL_NULL_CONVERSION = YES;
				CLANG_WARN_OBJC_LITERAL_CONVERSION = YES;
				CLANG_WARN_OBJC_ROOT_CLASS = YES_ERROR;
				CLANG_WARN_RANGE_LOOP_ANALYSIS = YES;
				CLANG_WARN_STRICT_PROTOTYPES = YES;
				CLANG_WARN_SUSPICIOUS_MOVE = YES;
				CLANG_WARN_UNGUARDED_AVAILABILITY = YES_AGGRESSIVE;
				CLANG_WARN_UNREACHABLE_CODE = YES;
				CLANG_WARN__DUPLICATE_METHOD_MATCH = YES;
				CODE_SIGN_IDENTITY = "iPhone Developer";
				COPY_PHASE_STRIP = NO;
				DEBUG_INFORMATION_FORMAT = "dwarf-with-dsym";
				ENABLE_NS_ASSERTIONS = NO;
				ENABLE_STRICT_OBJC_MSGSEND = YES;
				GCC_C_LANGUAGE_STANDARD = gnu11;
				GCC_NO_COMMON_BLOCKS = YES;
				GCC_WARN_64_TO_32_BIT_CONVERSION = YES;
				GCC_WARN_ABOUT_RETURN_TYPE = YES_ERROR;
				GCC_WARN_UNDECLARED_SELECTOR = YES;
				GCC_WARN_UNINITIALIZED_AUTOS = YES_AGGRESSIVE;
				GCC_WARN_UNUSED_FUNCTION = YES;
				GCC_WARN_UNUSED_VARIABLE = YES;
				IPHONEOS_DEPLOYMENT_TARGET = 11.2;
				MTL_ENABLE_DEBUG_INFO = NO;
				SDKROOT = iphoneos;
				VALIDATE_PRODUCT = YES;
			};
			name = Release;
		};
		0140176F2047A2D600F7379B /* Debug */ = {
			isa = XCBuildConfiguration;
			baseConfigurationReference = 60F210D21BBEE9D07436C7F3 /* Pods-RAC_Demo.debug.xcconfig */;
			buildSettings = {
				ASSETCATALOG_COMPILER_APPICON_NAME = AppIcon;
				CODE_SIGN_STYLE = Automatic;
				INFOPLIST_FILE = RAC_Demo/Info.plist;
				LD_RUNPATH_SEARCH_PATHS = "$(inherited) @executable_path/Frameworks";
				PRODUCT_BUNDLE_IDENTIFIER = "com.gs.RAC-Demo";
				PRODUCT_NAME = "$(TARGET_NAME)";
				TARGETED_DEVICE_FAMILY = "1,2";
			};
			name = Debug;
		};
		014017702047A2D600F7379B /* Release */ = {
			isa = XCBuildConfiguration;
			baseConfigurationReference = 26D758493B8284C2A07A65FC /* Pods-RAC_Demo.release.xcconfig */;
			buildSettings = {
				ASSETCATALOG_COMPILER_APPICON_NAME = AppIcon;
				CODE_SIGN_STYLE = Automatic;
				INFOPLIST_FILE = RAC_Demo/Info.plist;
				LD_RUNPATH_SEARCH_PATHS = "$(inherited) @executable_path/Frameworks";
				PRODUCT_BUNDLE_IDENTIFIER = "com.gs.RAC-Demo";
				PRODUCT_NAME = "$(TARGET_NAME)";
				TARGETED_DEVICE_FAMILY = "1,2";
			};
			name = Release;
		};
		014017722047A2D600F7379B /* Debug */ = {
			isa = XCBuildConfiguration;
			buildSettings = {
				BUNDLE_LOADER = "$(TEST_HOST)";
				CODE_SIGN_STYLE = Automatic;
				INFOPLIST_FILE = RAC_DemoTests/Info.plist;
				LD_RUNPATH_SEARCH_PATHS = "$(inherited) @executable_path/Frameworks @loader_path/Frameworks";
				PRODUCT_BUNDLE_IDENTIFIER = "com.gs.RAC-DemoTests";
				PRODUCT_NAME = "$(TARGET_NAME)";
				TARGETED_DEVICE_FAMILY = "1,2";
				TEST_HOST = "$(BUILT_PRODUCTS_DIR)/RAC_Demo.app/RAC_Demo";
			};
			name = Debug;
		};
		014017732047A2D600F7379B /* Release */ = {
			isa = XCBuildConfiguration;
			buildSettings = {
				BUNDLE_LOADER = "$(TEST_HOST)";
				CODE_SIGN_STYLE = Automatic;
				INFOPLIST_FILE = RAC_DemoTests/Info.plist;
				LD_RUNPATH_SEARCH_PATHS = "$(inherited) @executable_path/Frameworks @loader_path/Frameworks";
				PRODUCT_BUNDLE_IDENTIFIER = "com.gs.RAC-DemoTests";
				PRODUCT_NAME = "$(TARGET_NAME)";
				TARGETED_DEVICE_FAMILY = "1,2";
				TEST_HOST = "$(BUILT_PRODUCTS_DIR)/RAC_Demo.app/RAC_Demo";
			};
			name = Release;
		};
		014017752047A2D600F7379B /* Debug */ = {
			isa = XCBuildConfiguration;
			buildSettings = {
				CODE_SIGN_STYLE = Automatic;
				INFOPLIST_FILE = RAC_DemoUITests/Info.plist;
				LD_RUNPATH_SEARCH_PATHS = "$(inherited) @executable_path/Frameworks @loader_path/Frameworks";
				PRODUCT_BUNDLE_IDENTIFIER = "com.gs.RAC-DemoUITests";
				PRODUCT_NAME = "$(TARGET_NAME)";
				TARGETED_DEVICE_FAMILY = "1,2";
				TEST_TARGET_NAME = RAC_Demo;
			};
			name = Debug;
		};
		014017762047A2D600F7379B /* Release */ = {
			isa = XCBuildConfiguration;
			buildSettings = {
				CODE_SIGN_STYLE = Automatic;
				INFOPLIST_FILE = RAC_DemoUITests/Info.plist;
				LD_RUNPATH_SEARCH_PATHS = "$(inherited) @executable_path/Frameworks @loader_path/Frameworks";
				PRODUCT_BUNDLE_IDENTIFIER = "com.gs.RAC-DemoUITests";
				PRODUCT_NAME = "$(TARGET_NAME)";
				TARGETED_DEVICE_FAMILY = "1,2";
				TEST_TARGET_NAME = RAC_Demo;
			};
			name = Release;
		};
/* End XCBuildConfiguration section */

/* Begin XCConfigurationList section */
		0140173D2047A2D600F7379B /* Build configuration list for PBXProject "RAC_Demo" */ = {
			isa = XCConfigurationList;
			buildConfigurations = (
				0140176C2047A2D600F7379B /* Debug */,
				0140176D2047A2D600F7379B /* Release */,
			);
			defaultConfigurationIsVisible = 0;
			defaultConfigurationName = Release;
		};
		0140176E2047A2D600F7379B /* Build configuration list for PBXNativeTarget "RAC_Demo" */ = {
			isa = XCConfigurationList;
			buildConfigurations = (
				0140176F2047A2D600F7379B /* Debug */,
				014017702047A2D600F7379B /* Release */,
			);
			defaultConfigurationIsVisible = 0;
			defaultConfigurationName = Release;
		};
		014017712047A2D600F7379B /* Build configuration list for PBXNativeTarget "RAC_DemoTests" */ = {
			isa = XCConfigurationList;
			buildConfigurations = (
				014017722047A2D600F7379B /* Debug */,
				014017732047A2D600F7379B /* Release */,
			);
			defaultConfigurationIsVisible = 0;
			defaultConfigurationName = Release;
		};
		014017742047A2D600F7379B /* Build configuration list for PBXNativeTarget "RAC_DemoUITests" */ = {
			isa = XCConfigurationList;
			buildConfigurations = (
				014017752047A2D600F7379B /* Debug */,
				014017762047A2D600F7379B /* Release */,
			);
			defaultConfigurationIsVisible = 0;
			defaultConfigurationName = Release;
		};
/* End XCConfigurationList section */
	};
	rootObject = 0140173A2047A2D600F7379B /* Project object */;
}
